maragu.dev/gomponents v1.0.0-beta1 h1:I51NqKfrtQC4GxuWShqW5CT5BrfToMEueLD76IhdSXs=
maragu.dev/gomponents v1.0.0-beta1/go.mod h1:oEDahza2gZoXDoDHhw8jBNgH+3UR5ni7Ur648HORydM=
maragu.dev/is v0.2.0 h1:poeuVEA5GG3vrDpGmzo2KjWtIMZmqUyvGnOB0/pemig=
maragu.dev/is v0.2.0/go.mod h1:bviaM5S0fBshCw7wuumFGTju/izopZ/Yvq4g7Klc7y8=
